
Microsoft Visual Studio Solution File, Format Version 12.00
# Visual Studio Version 16
VisualStudioVersion = 16.0.36324.18
MinimumVisualStudioVersion = 10.0.40219.1
Project("{FAE04EC0-301F-11D3-BF4B-00C04F79EFBC}") = "WindowsFormsApp1", "WindowsFormsApp1.csproj", "{959456E2-543A-45A9-86FA-694EC6FA81B0}"
EndProject
Global
	GlobalSection(SolutionConfigurationPlatforms) = preSolution
		Debug|Any CPU = Debug|Any CPU
		Release|Any CPU = Release|Any CPU
	EndGlobalSection
	GlobalSection(ProjectConfigurationPlatforms) = postSolution
		{959456E2-543A-45A9-86FA-694EC6FA81B0}.Debug|Any CPU.ActiveCfg = Debug|Any CPU
		{959456E2-543A-45A9-86FA-694EC6FA81B0}.Debug|Any CPU.Build.0 = Debug|Any CPU
		{959456E2-543A-45A9-86FA-694EC6FA81B0}.Release|Any CPU.ActiveCfg = Release|Any CPU
		{959456E2-543A-45A9-86FA-694EC6FA81B0}.Release|Any CPU.Build.0 = Release|Any CPU
	EndGlobalSection
	GlobalSection(SolutionProperties) = preSolution
		HideSolutionNode = FALSE
	EndGlobalSection
	GlobalSection(ExtensibilityGlobals) = postSolution
		SolutionGuid = {CCF80594-4C64-4E7B-98C0-13DE286BB49B}
	EndGlobalSection
EndGlobal
